
Microsoft Visual Studio Solution File, Format Version 12.00
# Visual Studio 15
Project("{FAE04EC0-301F-11D3-BF4B-00C04F79EFBC}") = "my_clean_way.Android", "my_clean_way.Android\my_clean_way.Android.csproj", "{CFD18FFF-17C6-47F9-BC3C-A5552EAC06F0}"
EndProject
Project("{FAE04EC0-301F-11D3-BF4B-00C04F79EFBC}") = "my_clean_way.iOS", "my_clean_way.iOS\my_clean_way.iOS.csproj", "{D53065EA-669B-4EF8-BC3A-615B6A88500E}"
EndProject
Project("{FAE04EC0-301F-11D3-BF4B-00C04F79EFBC}") = "my_clean_way", "my_clean_way\my_clean_way.csproj", "{D2242430-4F3A-4DA8-94DF-FF374AB78855}"
EndProject
Global
	GlobalSection(SolutionConfigurationPlatforms) = preSolution
		Debug|Any CPU = Debug|Any CPU
		Release|Any CPU = Release|Any CPU
		Debug|iPhoneSimulator = Debug|iPhoneSimulator
		Release|iPhoneSimulator = Release|iPhoneSimulator
		Debug|iPhone = Debug|iPhone
		Release|iPhone = Release|iPhone
		Ad-Hoc|iPhone = Ad-Hoc|iPhone
		AppStore|iPhone = AppStore|iPhone
	EndGlobalSection
	GlobalSection(ProjectConfigurationPlatforms) = postSolution
		{CFD18FFF-17C6-47F9-BC3C-A5552EAC06F0}.Debug|Any CPU.ActiveCfg = Debug|Any CPU
		{CFD18FFF-17C6-47F9-BC3C-A5552EAC06F0}.Debug|Any CPU.Build.0 = Debug|Any CPU
		{CFD18FFF-17C6-47F9-BC3C-A5552EAC06F0}.Release|Any CPU.ActiveCfg = Release|Any CPU
		{CFD18FFF-17C6-47F9-BC3C-A5552EAC06F0}.Release|Any CPU.Build.0 = Release|Any CPU
		{CFD18FFF-17C6-47F9-BC3C-A5552EAC06F0}.Debug|iPhoneSimulator.ActiveCfg = Debug|Any CPU
		{CFD18FFF-17C6-47F9-BC3C-A5552EAC06F0}.Debug|iPhoneSimulator.Build.0 = Debug|Any CPU
		{CFD18FFF-17C6-47F9-BC3C-A5552EAC06F0}.Release|iPhoneSimulator.ActiveCfg = Release|Any CPU
		{CFD18FFF-17C6-47F9-BC3C-A5552EAC06F0}.Release|iPhoneSimulator.Build.0 = Release|Any CPU
		{CFD18FFF-17C6-47F9-BC3C-A5552EAC06F0}.Debug|iPhone.ActiveCfg = Debug|Any CPU
		{CFD18FFF-17C6-47F9-BC3C-A5552EAC06F0}.Debug|iPhone.Build.0 = Debug|Any CPU
		{CFD18FFF-17C6-47F9-BC3C-A5552EAC06F0}.Release|iPhone.ActiveCfg = Release|Any CPU
		{CFD18FFF-17C6-47F9-BC3C-A5552EAC06F0}.Release|iPhone.Build.0 = Release|Any CPU
		{CFD18FFF-17C6-47F9-BC3C-A5552EAC06F0}.Ad-Hoc|iPhone.ActiveCfg = Debug|Any CPU
		{CFD18FFF-17C6-47F9-BC3C-A5552EAC06F0}.Ad-Hoc|iPhone.Build.0 = Debug|Any CPU
		{CFD18FFF-17C6-47F9-BC3C-A5552EAC06F0}.AppStore|iPhone.ActiveCfg = Debug|Any CPU
		{CFD18FFF-17C6-47F9-BC3C-A5552EAC06F0}.AppStore|iPhone.Build.0 = Debug|Any CPU
		{D53065EA-669B-4EF8-BC3A-615B6A88500E}.Debug|Any CPU.ActiveCfg = Debug|iPhoneSimulator
		{D53065EA-669B-4EF8-BC3A-615B6A88500E}.Debug|Any CPU.Build.0 = Debug|iPhoneSimulator
		{D53065EA-669B-4EF8-BC3A-615B6A88500E}.Release|Any CPU.ActiveCfg = Release|iPhoneSimulator
		{D53065EA-669B-4EF8-BC3A-615B6A88500E}.Release|Any CPU.Build.0 = Release|iPhoneSimulator
		{D53065EA-669B-4EF8-BC3A-615B6A88500E}.Debug|iPhoneSimulator.ActiveCfg = Debug|iPhoneSimulator
		{D53065EA-669B-4EF8-BC3A-615B6A88500E}.Debug|iPhoneSimulator.Build.0 = Debug|iPhoneSimulator
		{D53065EA-669B-4EF8-BC3A-615B6A88500E}.Release|iPhoneSimulator.ActiveCfg = Release|iPhoneSimulator
		{D53065EA-669B-4EF8-BC3A-615B6A88500E}.Release|iPhoneSimulator.Build.0 = Release|iPhoneSimulator
		{D53065EA-669B-4EF8-BC3A-615B6A88500E}.Debug|iPhone.ActiveCfg = Debug|iPhone
		{D53065EA-669B-4EF8-BC3A-615B6A88500E}.Debug|iPhone.Build.0 = Debug|iPhone
		{D53065EA-669B-4EF8-BC3A-615B6A88500E}.Release|iPhone.ActiveCfg = Release|iPhone
		{D53065EA-669B-4EF8-BC3A-615B6A88500E}.Release|iPhone.Build.0 = Release|iPhone
		{D53065EA-669B-4EF8-BC3A-615B6A88500E}.Ad-Hoc|iPhone.ActiveCfg = Ad-Hoc|iPhone
		{D53065EA-669B-4EF8-BC3A-615B6A88500E}.Ad-Hoc|iPhone.Build.0 = Ad-Hoc|iPhone
		{D53065EA-669B-4EF8-BC3A-615B6A88500E}.AppStore|iPhone.ActiveCfg = AppStore|iPhone
		{D53065EA-669B-4EF8-BC3A-615B6A88500E}.AppStore|iPhone.Build.0 = AppStore|iPhone
		{D2242430-4F3A-4DA8-94DF-FF374AB78855}.Debug|Any CPU.ActiveCfg = Debug|Any CPU
		{D2242430-4F3A-4DA8-94DF-FF374AB78855}.Debug|Any CPU.Build.0 = Debug|Any CPU
		{D2242430-4F3A-4DA8-94DF-FF374AB78855}.Release|Any CPU.ActiveCfg = Release|Any CPU
		{D2242430-4F3A-4DA8-94DF-FF374AB78855}.Release|Any CPU.Build.0 = Release|Any CPU
		{D2242430-4F3A-4DA8-94DF-FF374AB78855}.Debug|iPhoneSimulator.ActiveCfg = Debug|Any CPU
		{D2242430-4F3A-4DA8-94DF-FF374AB78855}.Debug|iPhoneSimulator.Build.0 = Debug|Any CPU
		{D2242430-4F3A-4DA8-94DF-FF374AB78855}.Release|iPhoneSimulator.ActiveCfg = Release|Any CPU
		{D2242430-4F3A-4DA8-94DF-FF374AB78855}.Release|iPhoneSimulator.Build.0 = Release|Any CPU
		{D2242430-4F3A-4DA8-94DF-FF374AB78855}.Debug|iPhone.ActiveCfg = Debug|Any CPU
		{D2242430-4F3A-4DA8-94DF-FF374AB78855}.Debug|iPhone.Build.0 = Debug|Any CPU
		{D2242430-4F3A-4DA8-94DF-FF374AB78855}.Release|iPhone.ActiveCfg = Release|Any CPU
		{D2242430-4F3A-4DA8-94DF-FF374AB78855}.Release|iPhone.Build.0 = Release|Any CPU
		{D2242430-4F3A-4DA8-94DF-FF374AB78855}.Ad-Hoc|iPhone.ActiveCfg = Debug|Any CPU
		{D2242430-4F3A-4DA8-94DF-FF374AB78855}.Ad-Hoc|iPhone.Build.0 = Debug|Any CPU
		{D2242430-4F3A-4DA8-94DF-FF374AB78855}.AppStore|iPhone.ActiveCfg = Debug|Any CPU
		{D2242430-4F3A-4DA8-94DF-FF374AB78855}.AppStore|iPhone.Build.0 = Debug|Any CPU
	EndGlobalSection
EndGlobal
